
Microsoft Visual Studio Solution File, Format Version 12.00
# Visual Studio Version 16
VisualStudioVersion = 16.0.30523.141
MinimumVisualStudioVersion = 10.0.40219.1
Project("{9A19103F-16F7-4668-BE54-9A1E7A4F7556}") = "WebApi", "WebApi.csproj", "{07E29988-1DDE-45FD-A34E-A9E638A19BB5}"
EndProject
Global
	GlobalSection(SolutionConfigurationPlatforms) = preSolution
		Debug|Any CPU = Debug|Any CPU
		Release|Any CPU = Release|Any CPU
	EndGlobalSection
	GlobalSection(ProjectConfigurationPlatforms) = postSolution
		{07E29988-1DDE-45FD-A34E-A9E638A19BB5}.Debug|Any CPU.ActiveCfg = Debug|Any CPU
		{07E29988-1DDE-45FD-A34E-A9E638A19BB5}.Debug|Any CPU.Build.0 = Debug|Any CPU
		{07E29988-1DDE-45FD-A34E-A9E638A19BB5}.Release|Any CPU.ActiveCfg = Release|Any CPU
		{07E29988-1DDE-45FD-A34E-A9E638A19BB5}.Release|Any CPU.Build.0 = Release|Any CPU
	EndGlobalSection
	GlobalSection(SolutionProperties) = preSolution
		HideSolutionNode = FALSE
	EndGlobalSection
	GlobalSection(ExtensibilityGlobals) = postSolution
		SolutionGuid = {9A0075AA-8F56-4C43-A0AB-E965AC1F4971}
	EndGlobalSection
EndGlobal
